
Microsoft Visual Studio Solution File, Format Version 12.00
# Visual Studio 15
VisualStudioVersion = 15.0.28307.1062
MinimumVisualStudioVersion = 10.0.40219.1
Project("{FAE04EC0-301F-11D3-BF4B-00C04F79EFBC}") = "Lands.Android", "Lands\Lands.Android\Lands.Android.csproj", "{6273F2C3-6793-4706-88D3-A2B2EDCCB732}"
EndProject
Project("{FAE04EC0-301F-11D3-BF4B-00C04F79EFBC}") = "Lands.iOS", "Lands\Lands.iOS\Lands.iOS.csproj", "{C8C51028-74A5-462C-9E60-C4EAEA1C7CDD}"
EndProject
Project("{FAE04EC0-301F-11D3-BF4B-00C04F79EFBC}") = "Lands", "Lands\Lands\Lands.csproj", "{04C53C13-9E6F-4963-B01E-16E12D90341F}"
EndProject
Global
	GlobalSection(SolutionConfigurationPlatforms) = preSolution
		Ad-Hoc|Any CPU = Ad-Hoc|Any CPU
		Ad-Hoc|iPhone = Ad-Hoc|iPhone
		Ad-Hoc|iPhoneSimulator = Ad-Hoc|iPhoneSimulator
		AppStore|Any CPU = AppStore|Any CPU
		AppStore|iPhone = AppStore|iPhone
		AppStore|iPhoneSimulator = AppStore|iPhoneSimulator
		Debug|Any CPU = Debug|Any CPU
		Debug|iPhone = Debug|iPhone
		Debug|iPhoneSimulator = Debug|iPhoneSimulator
		Release|Any CPU = Release|Any CPU
		Release|iPhone = Release|iPhone
		Release|iPhoneSimulator = Release|iPhoneSimulator
	EndGlobalSection
	GlobalSection(ProjectConfigurationPlatforms) = postSolution
		{6273F2C3-6793-4706-88D3-A2B2EDCCB732}.Ad-Hoc|Any CPU.ActiveCfg = Release|Any CPU
		{6273F2C3-6793-4706-88D3-A2B2EDCCB732}.Ad-Hoc|Any CPU.Build.0 = Release|Any CPU
		{6273F2C3-6793-4706-88D3-A2B2EDCCB732}.Ad-Hoc|Any CPU.Deploy.0 = Release|Any CPU
		{6273F2C3-6793-4706-88D3-A2B2EDCCB732}.Ad-Hoc|iPhone.ActiveCfg = Release|Any CPU
		{6273F2C3-6793-4706-88D3-A2B2EDCCB732}.Ad-Hoc|iPhone.Build.0 = Release|Any CPU
		{6273F2C3-6793-4706-88D3-A2B2EDCCB732}.Ad-Hoc|iPhone.Deploy.0 = Release|Any CPU
		{6273F2C3-6793-4706-88D3-A2B2EDCCB732}.Ad-Hoc|iPhoneSimulator.ActiveCfg = Release|Any CPU
		{6273F2C3-6793-4706-88D3-A2B2EDCCB732}.Ad-Hoc|iPhoneSimulator.Build.0 = Release|Any CPU
		{6273F2C3-6793-4706-88D3-A2B2EDCCB732}.Ad-Hoc|iPhoneSimulator.Deploy.0 = Release|Any CPU
		{6273F2C3-6793-4706-88D3-A2B2EDCCB732}.AppStore|Any CPU.ActiveCfg = Release|Any CPU
		{6273F2C3-6793-4706-88D3-A2B2EDCCB732}.AppStore|Any CPU.Build.0 = Release|Any CPU
		{6273F2C3-6793-4706-88D3-A2B2EDCCB732}.AppStore|Any CPU.Deploy.0 = Release|Any CPU
		{6273F2C3-6793-4706-88D3-A2B2EDCCB732}.AppStore|iPhone.ActiveCfg = Release|Any CPU
		{6273F2C3-6793-4706-88D3-A2B2EDCCB732}.AppStore|iPhone.Build.0 = Release|Any CPU
		{6273F2C3-6793-4706-88D3-A2B2EDCCB732}.AppStore|iPhone.Deploy.0 = Release|Any CPU
		{6273F2C3-6793-4706-88D3-A2B2EDCCB732}.AppStore|iPhoneSimulator.ActiveCfg = Release|Any CPU
		{6273F2C3-6793-4706-88D3-A2B2EDCCB732}.AppStore|iPhoneSimulator.Build.0 = Release|Any CPU
		{6273F2C3-6793-4706-88D3-A2B2EDCCB732}.AppStore|iPhoneSimulator.Deploy.0 = Release|Any CPU
		{6273F2C3-6793-4706-88D3-A2B2EDCCB732}.Debug|Any CPU.ActiveCfg = Debug|Any CPU
		{6273F2C3-6793-4706-88D3-A2B2EDCCB732}.Debug|Any CPU.Build.0 = Debug|Any CPU
		{6273F2C3-6793-4706-88D3-A2B2EDCCB732}.Debug|Any CPU.Deploy.0 = Debug|Any CPU
		{6273F2C3-6793-4706-88D3-A2B2EDCCB732}.Debug|iPhone.ActiveCfg = Debug|Any CPU
		{6273F2C3-6793-4706-88D3-A2B2EDCCB732}.Debug|iPhone.Build.0 = Debug|Any CPU
		{6273F2C3-6793-4706-88D3-A2B2EDCCB732}.Debug|iPhone.Deploy.0 = Debug|Any CPU
		{6273F2C3-6793-4706-88D3-A2B2EDCCB732}.Debug|iPhoneSimulator.ActiveCfg = Debug|Any CPU
		{6273F2C3-6793-4706-88D3-A2B2EDCCB732}.Debug|iPhoneSimulator.Build.0 = Debug|Any CPU
		{6273F2C3-6793-4706-88D3-A2B2EDCCB732}.Debug|iPhoneSimulator.Deploy.0 = Debug|Any CPU
		{6273F2C3-6793-4706-88D3-A2B2EDCCB732}.Release|Any CPU.ActiveCfg = Release|Any CPU
		{6273F2C3-6793-4706-88D3-A2B2EDCCB732}.Release|Any CPU.Build.0 = Release|Any CPU
		{6273F2C3-6793-4706-88D3-A2B2EDCCB732}.Release|Any CPU.Deploy.0 = Release|Any CPU
		{6273F2C3-6793-4706-88D3-A2B2EDCCB732}.Release|iPhone.ActiveCfg = Release|Any CPU
		{6273F2C3-6793-4706-88D3-A2B2EDCCB732}.Release|iPhone.Build.0 = Release|Any CPU
		{6273F2C3-6793-4706-88D3-A2B2EDCCB732}.Release|iPhone.Deploy.0 = Release|Any CPU
		{6273F2C3-6793-4706-88D3-A2B2EDCCB732}.Release|iPhoneSimulator.ActiveCfg = Release|Any CPU
		{6273F2C3-6793-4706-88D3-A2B2EDCCB732}.Release|iPhoneSimulator.Build.0 = Release|Any CPU
		{6273F2C3-6793-4706-88D3-A2B2EDCCB732}.Release|iPhoneSimulator.Deploy.0 = Release|Any CPU
		{C8C51028-74A5-462C-9E60-C4EAEA1C7CDD}.Ad-Hoc|Any CPU.ActiveCfg = Ad-Hoc|iPhone
		{C8C51028-74A5-462C-9E60-C4EAEA1C7CDD}.Ad-Hoc|Any CPU.Build.0 = Ad-Hoc|iPhone
		{C8C51028-74A5-462C-9E60-C4EAEA1C7CDD}.Ad-Hoc|Any CPU.Deploy.0 = Ad-Hoc|iPhone
		{C8C51028-74A5-462C-9E60-C4EAEA1C7CDD}.Ad-Hoc|iPhone.ActiveCfg = Ad-Hoc|iPhone
		{C8C51028-74A5-462C-9E60-C4EAEA1C7CDD}.Ad-Hoc|iPhone.Build.0 = Ad-Hoc|iPhone
		{C8C51028-74A5-462C-9E60-C4EAEA1C7CDD}.Ad-Hoc|iPhone.Deploy.0 = Ad-Hoc|iPhone
		{C8C51028-74A5-462C-9E60-C4EAEA1C7CDD}.Ad-Hoc|iPhoneSimulator.ActiveCfg = Ad-Hoc|iPhoneSimulator
		{C8C51028-74A5-462C-9E60-C4EAEA1C7CDD}.Ad-Hoc|iPhoneSimulator.Build.0 = Ad-Hoc|iPhoneSimulator
		{C8C51028-74A5-462C-9E60-C4EAEA1C7CDD}.Ad-Hoc|iPhoneSimulator.Deploy.0 = Ad-Hoc|iPhoneSimulator
		{C8C51028-74A5-462C-9E60-C4EAEA1C7CDD}.AppStore|Any CPU.ActiveCfg = AppStore|iPhone
		{C8C51028-74A5-462C-9E60-C4EAEA1C7CDD}.AppStore|Any CPU.Build.0 = AppStore|iPhone
		{C8C51028-74A5-462C-9E60-C4EAEA1C7CDD}.AppStore|Any CPU.Deploy.0 = AppStore|iPhone
		{C8C51028-74A5-462C-9E60-C4EAEA1C7CDD}.AppStore|iPhone.ActiveCfg = AppStore|iPhone
		{C8C51028-74A5-462C-9E60-C4EAEA1C7CDD}.AppStore|iPhone.Build.0 = AppStore|iPhone
		{C8C51028-74A5-462C-9E60-C4EAEA1C7CDD}.AppStore|iPhone.Deploy.0 = AppStore|iPhone
		{C8C51028-74A5-462C-9E60-C4EAEA1C7CDD}.AppStore|iPhoneSimulator.ActiveCfg = AppStore|iPhoneSimulator
		{C8C51028-74A5-462C-9E60-C4EAEA1C7CDD}.AppStore|iPhoneSimulator.Build.0 = AppStore|iPhoneSimulator
		{C8C51028-74A5-462C-9E60-C4EAEA1C7CDD}.AppStore|iPhoneSimulator.Deploy.0 = AppStore|iPhoneSimulator
		{C8C51028-74A5-462C-9E60-C4EAEA1C7CDD}.Debug|Any CPU.ActiveCfg = Debug|iPhoneSimulator
		{C8C51028-74A5-462C-9E60-C4EAEA1C7CDD}.Debug|Any CPU.Build.0 = Debug|iPhoneSimulator
		{C8C51028-74A5-462C-9E60-C4EAEA1C7CDD}.Debug|Any CPU.Deploy.0 = Debug|iPhoneSimulator
		{C8C51028-74A5-462C-9E60-C4EAEA1C7CDD}.Debug|iPhone.ActiveCfg = Debug|iPhone
		{C8C51028-74A5-462C-9E60-C4EAEA1C7CDD}.Debug|iPhone.Build.0 = Debug|iPhone
		{C8C51028-74A5-462C-9E60-C4EAEA1C7CDD}.Debug|iPhone.Deploy.0 = Debug|iPhone
		{C8C51028-74A5-462C-9E60-C4EAEA1C7CDD}.Debug|iPhoneSimulator.ActiveCfg = Debug|iPhoneSimulator
		{C8C51028-74A5-462C-9E60-C4EAEA1C7CDD}.Debug|iPhoneSimulator.Build.0 = Debug|iPhoneSimulator
		{C8C51028-74A5-462C-9E60-C4EAEA1C7CDD}.Debug|iPhoneSimulator.Deploy.0 = Debug|iPhoneSimulator
		{C8C51028-74A5-462C-9E60-C4EAEA1C7CDD}.Release|Any CPU.ActiveCfg = Release|iPhone
		{C8C51028-74A5-462C-9E60-C4EAEA1C7CDD}.Release|Any CPU.Build.0 = Release|iPhone
		{C8C51028-74A5-462C-9E60-C4EAEA1C7CDD}.Release|Any CPU.Deploy.0 = Release|iPhone
		{C8C51028-74A5-462C-9E60-C4EAEA1C7CDD}.Release|iPhone.ActiveCfg = Release|iPhone
		{C8C51028-74A5-462C-9E60-C4EAEA1C7CDD}.Release|iPhone.Build.0 = Release|iPhone
		{C8C51028-74A5-462C-9E60-C4EAEA1C7CDD}.Release|iPhone.Deploy.0 = Release|iPhone
		{C8C51028-74A5-462C-9E60-C4EAEA1C7CDD}.Release|iPhoneSimulator.ActiveCfg = Release|iPhoneSimulator
		{C8C51028-74A5-462C-9E60-C4EAEA1C7CDD}.Release|iPhoneSimulator.Build.0 = Release|iPhoneSimulator
		{C8C51028-74A5-462C-9E60-C4EAEA1C7CDD}.Release|iPhoneSimulator.Deploy.0 = Release|iPhoneSimulator
		{04C53C13-9E6F-4963-B01E-16E12D90341F}.Ad-Hoc|Any CPU.ActiveCfg = Debug|Any CPU
		{04C53C13-9E6F-4963-B01E-16E12D90341F}.Ad-Hoc|Any CPU.Build.0 = Debug|Any CPU
		{04C53C13-9E6F-4963-B01E-16E12D90341F}.Ad-Hoc|Any CPU.Deploy.0 = Debug|Any CPU
		{04C53C13-9E6F-4963-B01E-16E12D90341F}.Ad-Hoc|iPhone.ActiveCfg = Debug|Any CPU
		{04C53C13-9E6F-4963-B01E-16E12D90341F}.Ad-Hoc|iPhone.Build.0 = Debug|Any CPU
		{04C53C13-9E6F-4963-B01E-16E12D90341F}.Ad-Hoc|iPhone.Deploy.0 = Debug|Any CPU
		{04C53C13-9E6F-4963-B01E-16E12D90341F}.Ad-Hoc|iPhoneSimulator.ActiveCfg = Debug|Any CPU
		{04C53C13-9E6F-4963-B01E-16E12D90341F}.Ad-Hoc|iPhoneSimulator.Build.0 = Debug|Any CPU
		{04C53C13-9E6F-4963-B01E-16E12D90341F}.Ad-Hoc|iPhoneSimulator.Deploy.0 = Debug|Any CPU
		{04C53C13-9E6F-4963-B01E-16E12D90341F}.AppStore|Any CPU.ActiveCfg = Debug|Any CPU
		{04C53C13-9E6F-4963-B01E-16E12D90341F}.AppStore|Any CPU.Build.0 = Debug|Any CPU
		{04C53C13-9E6F-4963-B01E-16E12D90341F}.AppStore|Any CPU.Deploy.0 = Debug|Any CPU
		{04C53C13-9E6F-4963-B01E-16E12D90341F}.AppStore|iPhone.ActiveCfg = Debug|Any CPU
		{04C53C13-9E6F-4963-B01E-16E12D90341F}.AppStore|iPhone.Build.0 = Debug|Any CPU
		{04C53C13-9E6F-4963-B01E-16E12D90341F}.AppStore|iPhone.Deploy.0 = Debug|Any CPU
		{04C53C13-9E6F-4963-B01E-16E12D90341F}.AppStore|iPhoneSimulator.ActiveCfg = Debug|Any CPU
		{04C53C13-9E6F-4963-B01E-16E12D90341F}.AppStore|iPhoneSimulator.Build.0 = Debug|Any CPU
		{04C53C13-9E6F-4963-B01E-16E12D90341F}.AppStore|iPhoneSimulator.Deploy.0 = Debug|Any CPU
		{04C53C13-9E6F-4963-B01E-16E12D90341F}.Debug|Any CPU.ActiveCfg = Debug|Any CPU
		{04C53C13-9E6F-4963-B01E-16E12D90341F}.Debug|Any CPU.Build.0 = Debug|Any CPU
		{04C53C13-9E6F-4963-B01E-16E12D90341F}.Debug|Any CPU.Deploy.0 = Debug|Any CPU
		{04C53C13-9E6F-4963-B01E-16E12D90341F}.Debug|iPhone.ActiveCfg = Debug|Any CPU
		{04C53C13-9E6F-4963-B01E-16E12D90341F}.Debug|iPhone.Build.0 = Debug|Any CPU
		{04C53C13-9E6F-4963-B01E-16E12D90341F}.Debug|iPhone.Deploy.0 = Debug|Any CPU
		{04C53C13-9E6F-4963-B01E-16E12D90341F}.Debug|iPhoneSimulator.ActiveCfg = Debug|Any CPU
		{04C53C13-9E6F-4963-B01E-16E12D90341F}.Debug|iPhoneSimulator.Build.0 = Debug|Any CPU
		{04C53C13-9E6F-4963-B01E-16E12D90341F}.Debug|iPhoneSimulator.Deploy.0 = Debug|Any CPU
		{04C53C13-9E6F-4963-B01E-16E12D90341F}.Release|Any CPU.ActiveCfg = Release|Any CPU
		{04C53C13-9E6F-4963-B01E-16E12D90341F}.Release|Any CPU.Build.0 = Release|Any CPU
		{04C53C13-9E6F-4963-B01E-16E12D90341F}.Release|Any CPU.Deploy.0 = Release|Any CPU
		{04C53C13-9E6F-4963-B01E-16E12D90341F}.Release|iPhone.ActiveCfg = Release|Any CPU
		{04C53C13-9E6F-4963-B01E-16E12D90341F}.Release|iPhone.Build.0 = Release|Any CPU
		{04C53C13-9E6F-4963-B01E-16E12D90341F}.Release|iPhone.Deploy.0 = Release|Any CPU
		{04C53C13-9E6F-4963-B01E-16E12D90341F}.Release|iPhoneSimulator.ActiveCfg = Release|Any CPU
		{04C53C13-9E6F-4963-B01E-16E12D90341F}.Release|iPhoneSimulator.Build.0 = Release|Any CPU
		{04C53C13-9E6F-4963-B01E-16E12D90341F}.Release|iPhoneSimulator.Deploy.0 = Release|Any CPU
	EndGlobalSection
	GlobalSection(SolutionProperties) = preSolution
		HideSolutionNode = FALSE
	EndGlobalSection
	GlobalSection(ExtensibilityGlobals) = postSolution
		SolutionGuid = {9067F66F-1102-4E21-9D58-9A6769766491}
	EndGlobalSection
EndGlobal
